
Microsoft Visual Studio Solution File, Format Version 12.00
# Visual Studio Version 17
VisualStudioVersion = 17.8.34322.80
MinimumVisualStudioVersion = 10.0.40219.1
Project("{9A19103F-16F7-4668-BE54-9A1E7A4F7556}") = "WebJobs.Extensions.HttpTelemetryProcessor", "WebJobs.Extensions.CustomHttpTelemetry\WebJobs.Extensions.HttpTelemetryProcessor.csproj", "{064C55F3-0B21-4242-8026-BC932037D01A}"
EndProject
Project("{9A19103F-16F7-4668-BE54-9A1E7A4F7556}") = "Worker.Extensions.HttpTelemetryProcessor", "Worker.Extensions.CustomHttpTelemetry\Worker.Extensions.HttpTelemetryProcessor.csproj", "{A2AA6291-1FEB-4C99-AFAC-F4AF2B017D66}"
EndProject
Global
	GlobalSection(SolutionConfigurationPlatforms) = preSolution
		Debug|Any CPU = Debug|Any CPU
		Release|Any CPU = Release|Any CPU
	EndGlobalSection
	GlobalSection(ProjectConfigurationPlatforms) = postSolution
		{064C55F3-0B21-4242-8026-BC932037D01A}.Debug|Any CPU.ActiveCfg = Debug|Any CPU
		{064C55F3-0B21-4242-8026-BC932037D01A}.Debug|Any CPU.Build.0 = Debug|Any CPU
		{064C55F3-0B21-4242-8026-BC932037D01A}.Release|Any CPU.ActiveCfg = Release|Any CPU
		{064C55F3-0B21-4242-8026-BC932037D01A}.Release|Any CPU.Build.0 = Release|Any CPU
		{A2AA6291-1FEB-4C99-AFAC-F4AF2B017D66}.Debug|Any CPU.ActiveCfg = Debug|Any CPU
		{A2AA6291-1FEB-4C99-AFAC-F4AF2B017D66}.Debug|Any CPU.Build.0 = Debug|Any CPU
		{A2AA6291-1FEB-4C99-AFAC-F4AF2B017D66}.Release|Any CPU.ActiveCfg = Release|Any CPU
		{A2AA6291-1FEB-4C99-AFAC-F4AF2B017D66}.Release|Any CPU.Build.0 = Release|Any CPU
	EndGlobalSection
	GlobalSection(SolutionProperties) = preSolution
		HideSolutionNode = FALSE
	EndGlobalSection
	GlobalSection(ExtensibilityGlobals) = postSolution
		SolutionGuid = {5341A79B-123B-4FD2-AFEF-B6F944675108}
	EndGlobalSection
EndGlobal
